
Microsoft Visual Studio Solution File, Format Version 12.00
# Visual Studio Version 17
VisualStudioVersion = 17.7.34031.279
MinimumVisualStudioVersion = 10.0.40219.1
Project("{FAE04EC0-301F-11D3-BF4B-00C04F79EFBC}") = "Game", "Game\Game.csproj", "{2B2BC2EF-B0E9-43C3-A96F-9AAF2CB48982}"
EndProject
Project("{2150E333-8FDC-42A3-9474-1A3956D46DE8}") = "Solution Items", "Solution Items", "{B633C93A-8A23-4AB1-99E0-04C8A582416F}"
	ProjectSection(SolutionItems) = preProject
		.editorconfig = .editorconfig
	EndProjectSection
EndProject
Global
	GlobalSection(SolutionConfigurationPlatforms) = preSolution
		Debug|Any CPU = Debug|Any CPU
		Release|Any CPU = Release|Any CPU
	EndGlobalSection
	GlobalSection(ProjectConfigurationPlatforms) = postSolution
		{2B2BC2EF-B0E9-43C3-A96F-9AAF2CB48982}.Debug|Any CPU.ActiveCfg = Debug|Any CPU
		{2B2BC2EF-B0E9-43C3-A96F-9AAF2CB48982}.Debug|Any CPU.Build.0 = Debug|Any CPU
		{2B2BC2EF-B0E9-43C3-A96F-9AAF2CB48982}.Release|Any CPU.ActiveCfg = Release|Any CPU
		{2B2BC2EF-B0E9-43C3-A96F-9AAF2CB48982}.Release|Any CPU.Build.0 = Release|Any CPU
	EndGlobalSection
	GlobalSection(SolutionProperties) = preSolution
		HideSolutionNode = FALSE
	EndGlobalSection
	GlobalSection(ExtensibilityGlobals) = postSolution
		SolutionGuid = {9AD8D89B-30F3-4DB4-A033-EC9BBCBE2827}
	EndGlobalSection
EndGlobal
